
Microsoft Visual Studio Solution File, Format Version 12.00
# Visual Studio Version 17
VisualStudioVersion = 17.14.36414.22 d17.14
MinimumVisualStudioVersion = 10.0.40219.1
Project("{FAE04EC0-301F-11D3-BF4B-00C04F79EFBC}") = "Sanaa.DAL", "Sanaa.DAL\Sanaa.DAL.csproj", "{C1780027-C16A-4DD0-96A4-024D5344ECA8}"
EndProject
Project("{FAE04EC0-301F-11D3-BF4B-00C04F79EFBC}") = "Sanaa.BLL", "Sanaa.BLL\Sanaa.BLL.csproj", "{5CF8A8E7-B685-4C93-93D0-0193E7953817}"
EndProject
Project("{FAE04EC0-301F-11D3-BF4B-00C04F79EFBC}") = "Sanaa.API", "Sanaa.API\Sanaa.API.csproj", "{D124E848-7D16-471D-BA93-9EBC35F5F3F2}"
EndProject
Global
	GlobalSection(SolutionConfigurationPlatforms) = preSolution
		Debug|Any CPU = Debug|Any CPU
		Release|Any CPU = Release|Any CPU
	EndGlobalSection
	GlobalSection(ProjectConfigurationPlatforms) = postSolution
		{C1780027-C16A-4DD0-96A4-024D5344ECA8}.Debug|Any CPU.ActiveCfg = Debug|Any CPU
		{C1780027-C16A-4DD0-96A4-024D5344ECA8}.Debug|Any CPU.Build.0 = Debug|Any CPU
		{C1780027-C16A-4DD0-96A4-024D5344ECA8}.Release|Any CPU.ActiveCfg = Release|Any CPU
		{C1780027-C16A-4DD0-96A4-024D5344ECA8}.Release|Any CPU.Build.0 = Release|Any CPU
		{5CF8A8E7-B685-4C93-93D0-0193E7953817}.Debug|Any CPU.ActiveCfg = Debug|Any CPU
		{5CF8A8E7-B685-4C93-93D0-0193E7953817}.Debug|Any CPU.Build.0 = Debug|Any CPU
		{5CF8A8E7-B685-4C93-93D0-0193E7953817}.Release|Any CPU.ActiveCfg = Release|Any CPU
		{5CF8A8E7-B685-4C93-93D0-0193E7953817}.Release|Any CPU.Build.0 = Release|Any CPU
		{D124E848-7D16-471D-BA93-9EBC35F5F3F2}.Debug|Any CPU.ActiveCfg = Debug|Any CPU
		{D124E848-7D16-471D-BA93-9EBC35F5F3F2}.Debug|Any CPU.Build.0 = Debug|Any CPU
		{D124E848-7D16-471D-BA93-9EBC35F5F3F2}.Release|Any CPU.ActiveCfg = Release|Any CPU
		{D124E848-7D16-471D-BA93-9EBC35F5F3F2}.Release|Any CPU.Build.0 = Release|Any CPU
	EndGlobalSection
	GlobalSection(SolutionProperties) = preSolution
		HideSolutionNode = FALSE
	EndGlobalSection
	GlobalSection(ExtensibilityGlobals) = postSolution
		SolutionGuid = {4A1AE7E8-1FB3-41C7-B311-0C2900F30964}
	EndGlobalSection
EndGlobal
